
Microsoft Visual Studio Solution File, Format Version 12.00
# Visual Studio 2012
Project("{FAE04EC0-301F-11D3-BF4B-00C04F79EFBC}") = "TrafficLightControl", "TrafficLightControl\TrafficLightControl.csproj", "{B4F114BC-0EBC-4C82-A2F0-BF759BB3FD98}"
EndProject
Project("{FAE04EC0-301F-11D3-BF4B-00C04F79EFBC}") = "Imperium.X10", "..\..\Resources\Imperium Home Automation\Imperium.X10\Imperium.X10.csproj", "{8DED5F72-4285-4BA2-8E9B-6E7669EE66DA}"
EndProject
Global
	GlobalSection(SolutionConfigurationPlatforms) = preSolution
		Debug|Any CPU = Debug|Any CPU
		Release|Any CPU = Release|Any CPU
	EndGlobalSection
	GlobalSection(ProjectConfigurationPlatforms) = postSolution
		{B4F114BC-0EBC-4C82-A2F0-BF759BB3FD98}.Debug|Any CPU.ActiveCfg = Debug|Any CPU
		{B4F114BC-0EBC-4C82-A2F0-BF759BB3FD98}.Debug|Any CPU.Build.0 = Debug|Any CPU
		{B4F114BC-0EBC-4C82-A2F0-BF759BB3FD98}.Release|Any CPU.ActiveCfg = Release|Any CPU
		{B4F114BC-0EBC-4C82-A2F0-BF759BB3FD98}.Release|Any CPU.Build.0 = Release|Any CPU
		{8DED5F72-4285-4BA2-8E9B-6E7669EE66DA}.Debug|Any CPU.ActiveCfg = Debug|Any CPU
		{8DED5F72-4285-4BA2-8E9B-6E7669EE66DA}.Debug|Any CPU.Build.0 = Debug|Any CPU
		{8DED5F72-4285-4BA2-8E9B-6E7669EE66DA}.Release|Any CPU.ActiveCfg = Release|Any CPU
		{8DED5F72-4285-4BA2-8E9B-6E7669EE66DA}.Release|Any CPU.Build.0 = Release|Any CPU
	EndGlobalSection
	GlobalSection(SolutionProperties) = preSolution
		HideSolutionNode = FALSE
	EndGlobalSection
EndGlobal
